// !$*UTF8*$!
{
	archiveVersion = 1;
	classes = {
	};
	objectVersion = 55;
	objects = {

/* Begin PBXBuildFile section */
		13C68565826818C883BCD969 /* Pods_POMPOMTests.framework in Frameworks */ = {isa = PBXBuildFile; fileRef = A233C9F7EE2F43C44A16412C /* Pods_POMPOMTests.framework */; };
		575BF0DA7306934B5512BD95 /* Pods_POMPOM.framework in Frameworks */ = {isa = PBXBuildFile; fileRef = 73DDE9E9E18A3E669433BA19 /* Pods_POMPOM.framework */; };
		C04FCAF6284E24020040F790 /* GoogleService-Info.plist in Resources */ = {isa = PBXBuildFile; fileRef = C04FCAF5284E24020040F790 /* GoogleService-Info.plist */; };
		C06611BC28507CE400AE4F07 /* DummyUIView.swift in Sources */ = {isa = PBXBuildFile; fileRef = C06611BB28507CE400AE4F07 /* DummyUIView.swift */; };
		C0754BA7284F1921005DBAFC /* DummyNetworkManager.swift in Sources */ = {isa = PBXBuildFile; fileRef = C0754BA6284F1921005DBAFC /* DummyNetworkManager.swift */; };
		C0754BAA284F1936005DBAFC /* DummyViewModel.swift in Sources */ = {isa = PBXBuildFile; fileRef = C0754BA9284F1936005DBAFC /* DummyViewModel.swift */; };
		C0A779C72849E1C50086810C /* POMPOMApp.swift in Sources */ = {isa = PBXBuildFile; fileRef = C0A779C62849E1C50086810C /* POMPOMApp.swift */; };
		C0A779C92849E1C50086810C /* ContentView.swift in Sources */ = {isa = PBXBuildFile; fileRef = C0A779C82849E1C50086810C /* ContentView.swift */; };
		C0A779CB2849E1C60086810C /* Assets.xcassets in Resources */ = {isa = PBXBuildFile; fileRef = C0A779CA2849E1C60086810C /* Assets.xcassets */; };
		C0A779CE2849E1C60086810C /* Preview Assets.xcassets in Resources */ = {isa = PBXBuildFile; fileRef = C0A779CD2849E1C60086810C /* Preview Assets.xcassets */; };
		C0A779D32849E1C60086810C /* Model.xcdatamodeld in Sources */ = {isa = PBXBuildFile; fileRef = C0A779D12849E1C60086810C /* Model.xcdatamodeld */; };
		C0A779DD2849E1C60086810C /* POMPOMTests.swift in Sources */ = {isa = PBXBuildFile; fileRef = C0A779DC2849E1C60086810C /* POMPOMTests.swift */; };
		C0A779E72849E1C60086810C /* POMPOMUITests.swift in Sources */ = {isa = PBXBuildFile; fileRef = C0A779E62849E1C60086810C /* POMPOMUITests.swift */; };
		C0A779E92849E1C60086810C /* POMPOMUITestsLaunchTests.swift in Sources */ = {isa = PBXBuildFile; fileRef = C0A779E82849E1C60086810C /* POMPOMUITestsLaunchTests.swift */; };
		C0F90CB32850729E00CC2C0E /* Secret.swift in Sources */ = {isa = PBXBuildFile; fileRef = C0F90CB22850729E00CC2C0E /* Secret.swift */; };
		CD5064FE72AD933795FF0668 /* Pods_POMPOM_POMPOMUITests.framework in Frameworks */ = {isa = PBXBuildFile; fileRef = 6A3C5F2FE47AEF89866EEFA6 /* Pods_POMPOM_POMPOMUITests.framework */; };
/* End PBXBuildFile section */

/* Begin PBXContainerItemProxy section */
		C0A779D92849E1C60086810C /* PBXContainerItemProxy */ = {
			isa = PBXContainerItemProxy;
			containerPortal = C0A779BB2849E1C50086810C /* Project object */;
			proxyType = 1;
			remoteGlobalIDString = C0A779C22849E1C50086810C;
			remoteInfo = POMPOM;
		};
		C0A779E32849E1C60086810C /* PBXContainerItemProxy */ = {
			isa = PBXContainerItemProxy;
			containerPortal = C0A779BB2849E1C50086810C /* Project object */;
			proxyType = 1;
			remoteGlobalIDString = C0A779C22849E1C50086810C;
			remoteInfo = POMPOM;
		};
/* End PBXContainerItemProxy section */

/* Begin PBXFileReference section */
		02339F4AD4C3D1D8C2D03564 /* Pods-POMPOM-POMPOMUITests.release.xcconfig */ = {isa = PBXFileReference; includeInIndex = 1; lastKnownFileType = text.xcconfig; name = "Pods-POMPOM-POMPOMUITests.release.xcconfig"; path = "Target Support Files/Pods-POMPOM-POMPOMUITests/Pods-POMPOM-POMPOMUITests.release.xcconfig"; sourceTree = "<group>"; };
		6A3C5F2FE47AEF89866EEFA6 /* Pods_POMPOM_POMPOMUITests.framework */ = {isa = PBXFileReference; explicitFileType = wrapper.framework; includeInIndex = 0; path = Pods_POMPOM_POMPOMUITests.framework; sourceTree = BUILT_PRODUCTS_DIR; };
		73DDE9E9E18A3E669433BA19 /* Pods_POMPOM.framework */ = {isa = PBXFileReference; explicitFileType = wrapper.framework; includeInIndex = 0; path = Pods_POMPOM.framework; sourceTree = BUILT_PRODUCTS_DIR; };
		7726019BE8B2B147179CFA25 /* Pods-POMPOM.release.xcconfig */ = {isa = PBXFileReference; includeInIndex = 1; lastKnownFileType = text.xcconfig; name = "Pods-POMPOM.release.xcconfig"; path = "Target Support Files/Pods-POMPOM/Pods-POMPOM.release.xcconfig"; sourceTree = "<group>"; };
		893FA964D491FDFD16ACC4FD /* Pods-POMPOM.debug.xcconfig */ = {isa = PBXFileReference; includeInIndex = 1; lastKnownFileType = text.xcconfig; name = "Pods-POMPOM.debug.xcconfig"; path = "Target Support Files/Pods-POMPOM/Pods-POMPOM.debug.xcconfig"; sourceTree = "<group>"; };
		9FDC8B0E53B5AF6CF8AA4472 /* Pods-POMPOMTests.debug.xcconfig */ = {isa = PBXFileReference; includeInIndex = 1; lastKnownFileType = text.xcconfig; name = "Pods-POMPOMTests.debug.xcconfig"; path = "Target Support Files/Pods-POMPOMTests/Pods-POMPOMTests.debug.xcconfig"; sourceTree = "<group>"; };
		A233C9F7EE2F43C44A16412C /* Pods_POMPOMTests.framework */ = {isa = PBXFileReference; explicitFileType = wrapper.framework; includeInIndex = 0; path = Pods_POMPOMTests.framework; sourceTree = BUILT_PRODUCTS_DIR; };
		B4D6499D492346083126C119 /* Pods-POMPOM-POMPOMUITests.debug.xcconfig */ = {isa = PBXFileReference; includeInIndex = 1; lastKnownFileType = text.xcconfig; name = "Pods-POMPOM-POMPOMUITests.debug.xcconfig"; path = "Target Support Files/Pods-POMPOM-POMPOMUITests/Pods-POMPOM-POMPOMUITests.debug.xcconfig"; sourceTree = "<group>"; };
		C04FCAF5284E24020040F790 /* GoogleService-Info.plist */ = {isa = PBXFileReference; fileEncoding = 4; lastKnownFileType = text.plist.xml; path = "GoogleService-Info.plist"; sourceTree = "<group>"; };
		C06611BB28507CE400AE4F07 /* DummyUIView.swift */ = {isa = PBXFileReference; lastKnownFileType = sourcecode.swift; path = DummyUIView.swift; sourceTree = "<group>"; };
		C0754BA6284F1921005DBAFC /* DummyNetworkManager.swift */ = {isa = PBXFileReference; lastKnownFileType = sourcecode.swift; path = DummyNetworkManager.swift; sourceTree = "<group>"; };
		C0754BA9284F1936005DBAFC /* DummyViewModel.swift */ = {isa = PBXFileReference; lastKnownFileType = sourcecode.swift; path = DummyViewModel.swift; sourceTree = "<group>"; };
		C0A779C32849E1C50086810C /* POMPOM.app */ = {isa = PBXFileReference; explicitFileType = wrapper.application; includeInIndex = 0; path = POMPOM.app; sourceTree = BUILT_PRODUCTS_DIR; };
		C0A779C62849E1C50086810C /* POMPOMApp.swift */ = {isa = PBXFileReference; lastKnownFileType = sourcecode.swift; path = POMPOMApp.swift; sourceTree = "<group>"; };
		C0A779C82849E1C50086810C /* ContentView.swift */ = {isa = PBXFileReference; lastKnownFileType = sourcecode.swift; path = ContentView.swift; sourceTree = "<group>"; };
		C0A779CA2849E1C60086810C /* Assets.xcassets */ = {isa = PBXFileReference; lastKnownFileType = folder.assetcatalog; path = Assets.xcassets; sourceTree = "<group>"; };
		C0A779CD2849E1C60086810C /* Preview Assets.xcassets */ = {isa = PBXFileReference; lastKnownFileType = folder.assetcatalog; path = "Preview Assets.xcassets"; sourceTree = "<group>"; };
		C0A779D22849E1C60086810C /* POMPOM.xcdatamodel */ = {isa = PBXFileReference; lastKnownFileType = wrapper.xcdatamodel; path = POMPOM.xcdatamodel; sourceTree = "<group>"; };
		C0A779D82849E1C60086810C /* POMPOMTests.xctest */ = {isa = PBXFileReference; explicitFileType = wrapper.cfbundle; includeInIndex = 0; path = POMPOMTests.xctest; sourceTree = BUILT_PRODUCTS_DIR; };
		C0A779DC2849E1C60086810C /* POMPOMTests.swift */ = {isa = PBXFileReference; lastKnownFileType = sourcecode.swift; path = POMPOMTests.swift; sourceTree = "<group>"; };
		C0A779E22849E1C60086810C /* POMPOMUITests.xctest */ = {isa = PBXFileReference; explicitFileType = wrapper.cfbundle; includeInIndex = 0; path = POMPOMUITests.xctest; sourceTree = BUILT_PRODUCTS_DIR; };
		C0A779E62849E1C60086810C /* POMPOMUITests.swift */ = {isa = PBXFileReference; lastKnownFileType = sourcecode.swift; path = POMPOMUITests.swift; sourceTree = "<group>"; };
		C0A779E82849E1C60086810C /* POMPOMUITestsLaunchTests.swift */ = {isa = PBXFileReference; lastKnownFileType = sourcecode.swift; path = POMPOMUITestsLaunchTests.swift; sourceTree = "<group>"; };
		C0F90CB22850729E00CC2C0E /* Secret.swift */ = {isa = PBXFileReference; lastKnownFileType = sourcecode.swift; path = Secret.swift; sourceTree = "<group>"; };
		C0FF3531284E9FB6001B1129 /* POMPOM.entitlements */ = {isa = PBXFileReference; lastKnownFileType = text.plist.entitlements; path = POMPOM.entitlements; sourceTree = "<group>"; };
		C350ECAB77A213FE32F7F534 /* Pods-POMPOMTests.release.xcconfig */ = {isa = PBXFileReference; includeInIndex = 1; lastKnownFileType = text.xcconfig; name = "Pods-POMPOMTests.release.xcconfig"; path = "Target Support Files/Pods-POMPOMTests/Pods-POMPOMTests.release.xcconfig"; sourceTree = "<group>"; };
/* End PBXFileReference section */

/* Begin PBXFrameworksBuildPhase section */
		C0A779C02849E1C50086810C /* Frameworks */ = {
			isa = PBXFrameworksBuildPhase;
			buildActionMask = 2147483647;
			files = (
				575BF0DA7306934B5512BD95 /* Pods_POMPOM.framework in Frameworks */,
			);
			runOnlyForDeploymentPostprocessing = 0;
		};
		C0A779D52849E1C60086810C /* Frameworks */ = {
			isa = PBXFrameworksBuildPhase;
			buildActionMask = 2147483647;
			files = (
				13C68565826818C883BCD969 /* Pods_POMPOMTests.framework in Frameworks */,
			);
			runOnlyForDeploymentPostprocessing = 0;
		};
		C0A779DF2849E1C60086810C /* Frameworks */ = {
			isa = PBXFrameworksBuildPhase;
			buildActionMask = 2147483647;
			files = (
				CD5064FE72AD933795FF0668 /* Pods_POMPOM_POMPOMUITests.framework in Frameworks */,
			);
			runOnlyForDeploymentPostprocessing = 0;
		};
/* End PBXFrameworksBuildPhase section */

/* Begin PBXGroup section */
		375888BD01AB00004F5A48D0 /* Frameworks */ = {
			isa = PBXGroup;
			children = (
				73DDE9E9E18A3E669433BA19 /* Pods_POMPOM.framework */,
				6A3C5F2FE47AEF89866EEFA6 /* Pods_POMPOM_POMPOMUITests.framework */,
				A233C9F7EE2F43C44A16412C /* Pods_POMPOMTests.framework */,
			);
			name = Frameworks;
			sourceTree = "<group>";
		};
		576FCBAD05F753AEC43C4C0F /* Pods */ = {
			isa = PBXGroup;
			children = (
				893FA964D491FDFD16ACC4FD /* Pods-POMPOM.debug.xcconfig */,
				7726019BE8B2B147179CFA25 /* Pods-POMPOM.release.xcconfig */,
				B4D6499D492346083126C119 /* Pods-POMPOM-POMPOMUITests.debug.xcconfig */,
				02339F4AD4C3D1D8C2D03564 /* Pods-POMPOM-POMPOMUITests.release.xcconfig */,
				9FDC8B0E53B5AF6CF8AA4472 /* Pods-POMPOMTests.debug.xcconfig */,
				C350ECAB77A213FE32F7F534 /* Pods-POMPOMTests.release.xcconfig */,
			);
			path = Pods;
			sourceTree = "<group>";
		};
		C04795C1284F15C10040646A /* System */ = {
			isa = PBXGroup;
			children = (
				C0A779C62849E1C50086810C /* POMPOMApp.swift */,
			);
			path = System;
			sourceTree = "<group>";
		};
		C04795C4284F15D20040646A /* Resources */ = {
			isa = PBXGroup;
			children = (
				C0A779CD2849E1C60086810C /* Preview Assets.xcassets */,
				C04FCAF5284E24020040F790 /* GoogleService-Info.plist */,
				C0A779CA2849E1C60086810C /* Assets.xcassets */,
				C0A779D12849E1C60086810C /* Model.xcdatamodeld */,
			);
			path = Resources;
			sourceTree = "<group>";
		};
		C04795C5284F15D20040646A /* Views */ = {
			isa = PBXGroup;
			children = (
				C06611BA28507CBA00AE4F07 /* Components */,
				C0A779C82849E1C50086810C /* ContentView.swift */,
			);
			path = Views;
			sourceTree = "<group>";
		};
		C04795C7284F15D20040646A /* Networking */ = {
			isa = PBXGroup;
			children = (
				C0754BA6284F1921005DBAFC /* DummyNetworkManager.swift */,
			);
			path = Networking;
			sourceTree = "<group>";
		};
		C06611BA28507CBA00AE4F07 /* Components */ = {
			isa = PBXGroup;
			children = (
				C06611BB28507CE400AE4F07 /* DummyUIView.swift */,
			);
			path = Components;
			sourceTree = "<group>";
		};
		C0754BA8284F192C005DBAFC /* ViewModels */ = {
			isa = PBXGroup;
			children = (
				C0754BA9284F1936005DBAFC /* DummyViewModel.swift */,
			);
			path = ViewModels;
			sourceTree = "<group>";
		};
		C0A779BA2849E1C50086810C = {
			isa = PBXGroup;
			children = (
				C0A779C52849E1C50086810C /* POMPOM */,
				C0A779DB2849E1C60086810C /* POMPOMTests */,
				C0A779E52849E1C60086810C /* POMPOMUITests */,
				C0A779C42849E1C50086810C /* Products */,
				576FCBAD05F753AEC43C4C0F /* Pods */,
				375888BD01AB00004F5A48D0 /* Frameworks */,
			);
			sourceTree = "<group>";
		};
		C0A779C42849E1C50086810C /* Products */ = {
			isa = PBXGroup;
			children = (
				C0A779C32849E1C50086810C /* POMPOM.app */,
				C0A779D82849E1C60086810C /* POMPOMTests.xctest */,
				C0A779E22849E1C60086810C /* POMPOMUITests.xctest */,
			);
			name = Products;
			sourceTree = "<group>";
		};
		C0A779C52849E1C50086810C /* POMPOM */ = {
			isa = PBXGroup;
			children = (
				C0F90CB12850728F00CC2C0E /* Secrets */,
				C0FF3531284E9FB6001B1129 /* POMPOM.entitlements */,
				C04795C1284F15C10040646A /* System */,
				C04795C7284F15D20040646A /* Networking */,
				C04795C4284F15D20040646A /* Resources */,
				C04795C5284F15D20040646A /* Views */,
				C0754BA8284F192C005DBAFC /* ViewModels */,
			);
			path = POMPOM;
			sourceTree = "<group>";
		};
		C0A779DB2849E1C60086810C /* POMPOMTests */ = {
			isa = PBXGroup;
			children = (
				C0A779DC2849E1C60086810C /* POMPOMTests.swift */,
			);
			path = POMPOMTests;
			sourceTree = "<group>";
		};
		C0A779E52849E1C60086810C /* POMPOMUITests */ = {
			isa = PBXGroup;
			children = (
				C0A779E62849E1C60086810C /* POMPOMUITests.swift */,
				C0A779E82849E1C60086810C /* POMPOMUITestsLaunchTests.swift */,
			);
			path = POMPOMUITests;
			sourceTree = "<group>";
		};
		C0F90CB12850728F00CC2C0E /* Secrets */ = {
			isa = PBXGroup;
			children = (
				C0F90CB22850729E00CC2C0E /* Secret.swift */,
			);
			path = Secrets;
			sourceTree = "<group>";
		};
/* End PBXGroup section */

/* Begin PBXNativeTarget section */
		C0A779C22849E1C50086810C /* POMPOM */ = {
			isa = PBXNativeTarget;
			buildConfigurationList = C0A779EC2849E1C60086810C /* Build configuration list for PBXNativeTarget "POMPOM" */;
			buildPhases = (
				8F33A8B84B79F07184768D79 /* [CP] Check Pods Manifest.lock */,
				C0A779BF2849E1C50086810C /* Sources */,
				C0A779C02849E1C50086810C /* Frameworks */,
				C0A779C12849E1C50086810C /* Resources */,
				83AB04DE08EBD25547A404E2 /* [CP] Embed Pods Frameworks */,
			);
			buildRules = (
			);
			dependencies = (
			);
			name = POMPOM;
			productName = POMPOM;
			productReference = C0A779C32849E1C50086810C /* POMPOM.app */;
			productType = "com.apple.product-type.application";
		};
		C0A779D72849E1C60086810C /* POMPOMTests */ = {
			isa = PBXNativeTarget;
			buildConfigurationList = C0A779EF2849E1C60086810C /* Build configuration list for PBXNativeTarget "POMPOMTests" */;
			buildPhases = (
				F6141BE3FFBCC80055AA9601 /* [CP] Check Pods Manifest.lock */,
				C0A779D42849E1C60086810C /* Sources */,
				C0A779D52849E1C60086810C /* Frameworks */,
				C0A779D62849E1C60086810C /* Resources */,
			);
			buildRules = (
			);
			dependencies = (
				C0A779DA2849E1C60086810C /* PBXTargetDependency */,
			);
			name = POMPOMTests;
			productName = POMPOMTests;
			productReference = C0A779D82849E1C60086810C /* POMPOMTests.xctest */;
			productType = "com.apple.product-type.bundle.unit-test";
		};
		C0A779E12849E1C60086810C /* POMPOMUITests */ = {
			isa = PBXNativeTarget;
			buildConfigurationList = C0A779F22849E1C60086810C /* Build configuration list for PBXNativeTarget "POMPOMUITests" */;
			buildPhases = (
				1E365C63590EB0127C18357B /* [CP] Check Pods Manifest.lock */,
				C0A779DE2849E1C60086810C /* Sources */,
				C0A779DF2849E1C60086810C /* Frameworks */,
				C0A779E02849E1C60086810C /* Resources */,
				D92B47B84ACDB92A26193E55 /* [CP] Embed Pods Frameworks */,
			);
			buildRules = (
			);
			dependencies = (
				C0A779E42849E1C60086810C /* PBXTargetDependency */,
			);
			name = POMPOMUITests;
			productName = POMPOMUITests;
			productReference = C0A779E22849E1C60086810C /* POMPOMUITests.xctest */;
			productType = "com.apple.product-type.bundle.ui-testing";
		};
/* End PBXNativeTarget section */

/* Begin PBXProject section */
		C0A779BB2849E1C50086810C /* Project object */ = {
			isa = PBXProject;
			attributes = {
				BuildIndependentTargetsInParallel = 1;
				LastSwiftUpdateCheck = 1340;
				LastUpgradeCheck = 1340;
				TargetAttributes = {
					C0A779C22849E1C50086810C = {
						CreatedOnToolsVersion = 13.4.1;
					};
					C0A779D72849E1C60086810C = {
						CreatedOnToolsVersion = 13.4.1;
						TestTargetID = C0A779C22849E1C50086810C;
					};
					C0A779E12849E1C60086810C = {
						CreatedOnToolsVersion = 13.4.1;
						TestTargetID = C0A779C22849E1C50086810C;
					};
				};
			};
			buildConfigurationList = C0A779BE2849E1C50086810C /* Build configuration list for PBXProject "POMPOM" */;
			compatibilityVersion = "Xcode 13.0";
			developmentRegion = en;
			hasScannedForEncodings = 0;
			knownRegions = (
				en,
				Base,
			);
			mainGroup = C0A779BA2849E1C50086810C;
			productRefGroup = C0A779C42849E1C50086810C /* Products */;
			projectDirPath = "";
			projectRoot = "";
			targets = (
				C0A779C22849E1C50086810C /* POMPOM */,
				C0A779D72849E1C60086810C /* POMPOMTests */,
				C0A779E12849E1C60086810C /* POMPOMUITests */,
			);
		};
/* End PBXProject section */

/* Begin PBXResourcesBuildPhase section */
		C0A779C12849E1C50086810C /* Resources */ = {
			isa = PBXResourcesBuildPhase;
			buildActionMask = 2147483647;
			files = (
				C0A779CE2849E1C60086810C /* Preview Assets.xcassets in Resources */,
				C0A779CB2849E1C60086810C /* Assets.xcassets in Resources */,
				C04FCAF6284E24020040F790 /* GoogleService-Info.plist in Resources */,
			);
			runOnlyForDeploymentPostprocessing = 0;
		};
		C0A779D62849E1C60086810C /* Resources */ = {
			isa = PBXResourcesBuildPhase;
			buildActionMask = 2147483647;
			files = (
			);
			runOnlyForDeploymentPostprocessing = 0;
		};
		C0A779E02849E1C60086810C /* Resources */ = {
			isa = PBXResourcesBuildPhase;
			buildActionMask = 2147483647;
			files = (
			);
			runOnlyForDeploymentPostprocessing = 0;
		};
/* End PBXResourcesBuildPhase section */

/* Begin PBXShellScriptBuildPhase section */
		1E365C63590EB0127C18357B /* [CP] Check Pods Manifest.lock */ = {
			isa = PBXShellScriptBuildPhase;
			buildActionMask = 2147483647;
			files = (
			);
			inputFileListPaths = (
			);
			inputPaths = (
				"${PODS_PODFILE_DIR_PATH}/Podfile.lock",
				"${PODS_ROOT}/Manifest.lock",
			);
			name = "[CP] Check Pods Manifest.lock";
			outputFileListPaths = (
			);
			outputPaths = (
				"$(DERIVED_FILE_DIR)/Pods-POMPOM-POMPOMUITests-checkManifestLockResult.txt",
			);
			runOnlyForDeploymentPostprocessing = 0;
			shellPath = /bin/sh;
			shellScript = "diff \"${PODS_PODFILE_DIR_PATH}/Podfile.lock\" \"${PODS_ROOT}/Manifest.lock\" > /dev/null\nif [ $? != 0 ] ; then\n    # print error to STDERR\n    echo \"error: The sandbox is not in sync with the Podfile.lock. Run 'pod install' or update your CocoaPods installation.\" >&2\n    exit 1\nfi\n# This output is used by Xcode 'outputs' to avoid re-running this script phase.\necho \"SUCCESS\" > \"${SCRIPT_OUTPUT_FILE_0}\"\n";
			showEnvVarsInLog = 0;
		};
		83AB04DE08EBD25547A404E2 /* [CP] Embed Pods Frameworks */ = {
			isa = PBXShellScriptBuildPhase;
			buildActionMask = 2147483647;
			files = (
			);
			inputFileListPaths = (
				"${PODS_ROOT}/Target Support Files/Pods-POMPOM/Pods-POMPOM-frameworks-${CONFIGURATION}-input-files.xcfilelist",
			);
			name = "[CP] Embed Pods Frameworks";
			outputFileListPaths = (
				"${PODS_ROOT}/Target Support Files/Pods-POMPOM/Pods-POMPOM-frameworks-${CONFIGURATION}-output-files.xcfilelist",
			);
			runOnlyForDeploymentPostprocessing = 0;
			shellPath = /bin/sh;
			shellScript = "\"${PODS_ROOT}/Target Support Files/Pods-POMPOM/Pods-POMPOM-frameworks.sh\"\n";
			showEnvVarsInLog = 0;
		};
		8F33A8B84B79F07184768D79 /* [CP] Check Pods Manifest.lock */ = {
			isa = PBXShellScriptBuildPhase;
			buildActionMask = 2147483647;
			files = (
			);
			inputFileListPaths = (
			);
			inputPaths = (
				"${PODS_PODFILE_DIR_PATH}/Podfile.lock",
				"${PODS_ROOT}/Manifest.lock",
			);
			name = "[CP] Check Pods Manifest.lock";
			outputFileListPaths = (
			);
			outputPaths = (
				"$(DERIVED_FILE_DIR)/Pods-POMPOM-checkManifestLockResult.txt",
			);
			runOnlyForDeploymentPostprocessing = 0;
			shellPath = /bin/sh;
			shellScript = "diff \"${PODS_PODFILE_DIR_PATH}/Podfile.lock\" \"${PODS_ROOT}/Manifest.lock\" > /dev/null\nif [ $? != 0 ] ; then\n    # print error to STDERR\n    echo \"error: The sandbox is not in sync with the Podfile.lock. Run 'pod install' or update your CocoaPods installation.\" >&2\n    exit 1\nfi\n# This output is used by Xcode 'outputs' to avoid re-running this script phase.\necho \"SUCCESS\" > \"${SCRIPT_OUTPUT_FILE_0}\"\n";
			showEnvVarsInLog = 0;
		};
		D92B47B84ACDB92A26193E55 /* [CP] Embed Pods Frameworks */ = {
			isa = PBXShellScriptBuildPhase;
			buildActionMask = 2147483647;
			files = (
			);
			inputFileListPaths = (
				"${PODS_ROOT}/Target Support Files/Pods-POMPOM-POMPOMUITests/Pods-POMPOM-POMPOMUITests-frameworks-${CONFIGURATION}-input-files.xcfilelist",
			);
			name = "[CP] Embed Pods Frameworks";
			outputFileListPaths = (
				"${PODS_ROOT}/Target Support Files/Pods-POMPOM-POMPOMUITests/Pods-POMPOM-POMPOMUITests-frameworks-${CONFIGURATION}-output-files.xcfilelist",
			);
			runOnlyForDeploymentPostprocessing = 0;
			shellPath = /bin/sh;
			shellScript = "\"${PODS_ROOT}/Target Support Files/Pods-POMPOM-POMPOMUITests/Pods-POMPOM-POMPOMUITests-frameworks.sh\"\n";
			showEnvVarsInLog = 0;
		};
		F6141BE3FFBCC80055AA9601 /* [CP] Check Pods Manifest.lock */ = {
			isa = PBXShellScriptBuildPhase;
			buildActionMask = 2147483647;
			files = (
			);
			inputFileListPaths = (
			);
			inputPaths = (
				"${PODS_PODFILE_DIR_PATH}/Podfile.lock",
				"${PODS_ROOT}/Manifest.lock",
			);
			name = "[CP] Check Pods Manifest.lock";
			outputFileListPaths = (
			);
			outputPaths = (
				"$(DERIVED_FILE_DIR)/Pods-POMPOMTests-checkManifestLockResult.txt",
			);
			runOnlyForDeploymentPostprocessing = 0;
			shellPath = /bin/sh;
			shellScript = "diff \"${PODS_PODFILE_DIR_PATH}/Podfile.lock\" \"${PODS_ROOT}/Manifest.lock\" > /dev/null\nif [ $? != 0 ] ; then\n    # print error to STDERR\n    echo \"error: The sandbox is not in sync with the Podfile.lock. Run 'pod install' or update your CocoaPods installation.\" >&2\n    exit 1\nfi\n# This output is used by Xcode 'outputs' to avoid re-running this script phase.\necho \"SUCCESS\" > \"${SCRIPT_OUTPUT_FILE_0}\"\n";
			showEnvVarsInLog = 0;
		};
/* End PBXShellScriptBuildPhase section */

/* Begin PBXSourcesBuildPhase section */
		C0A779BF2849E1C50086810C /* Sources */ = {
			isa = PBXSourcesBuildPhase;
			buildActionMask = 2147483647;
			files = (
				C0A779C92849E1C50086810C /* ContentView.swift in Sources */,
				C0F90CB32850729E00CC2C0E /* Secret.swift in Sources */,
				C0754BA7284F1921005DBAFC /* DummyNetworkManager.swift in Sources */,
				C0A779C72849E1C50086810C /* POMPOMApp.swift in Sources */,
				C06611BC28507CE400AE4F07 /* DummyUIView.swift in Sources */,
				C0754BAA284F1936005DBAFC /* DummyViewModel.swift in Sources */,
				C0A779D32849E1C60086810C /* Model.xcdatamodeld in Sources */,
			);
			runOnlyForDeploymentPostprocessing = 0;
		};
		C0A779D42849E1C60086810C /* Sources */ = {
			isa = PBXSourcesBuildPhase;
			buildActionMask = 2147483647;
			files = (
				C0A779DD2849E1C60086810C /* POMPOMTests.swift in Sources */,
			);
			runOnlyForDeploymentPostprocessing = 0;
		};
		C0A779DE2849E1C60086810C /* Sources */ = {
			isa = PBXSourcesBuildPhase;
			buildActionMask = 2147483647;
			files = (
				C0A779E92849E1C60086810C /* POMPOMUITestsLaunchTests.swift in Sources */,
				C0A779E72849E1C60086810C /* POMPOMUITests.swift in Sources */,
			);
			runOnlyForDeploymentPostprocessing = 0;
		};
/* End PBXSourcesBuildPhase section */

/* Begin PBXTargetDependency section */
		C0A779DA2849E1C60086810C /* PBXTargetDependency */ = {
			isa = PBXTargetDependency;
			target = C0A779C22849E1C50086810C /* POMPOM */;
			targetProxy = C0A779D92849E1C60086810C /* PBXContainerItemProxy */;
		};
		C0A779E42849E1C60086810C /* PBXTargetDependency */ = {
			isa = PBXTargetDependency;
			target = C0A779C22849E1C50086810C /* POMPOM */;
			targetProxy = C0A779E32849E1C60086810C /* PBXContainerItemProxy */;
		};
/* End PBXTargetDependency section */

/* Begin XCBuildConfiguration section */
		C0A779EA2849E1C60086810C /* Debug */ = {
			isa = XCBuildConfiguration;
			buildSettings = {
				ALWAYS_SEARCH_USER_PATHS = NO;
				CLANG_ANALYZER_NONNULL = YES;
				CLANG_ANALYZER_NUMBER_OBJECT_CONVERSION = YES_AGGRESSIVE;
				CLANG_CXX_LANGUAGE_STANDARD = "gnu++17";
				CLANG_ENABLE_MODULES = YES;
				CLANG_ENABLE_OBJC_ARC = YES;
				CLANG_ENABLE_OBJC_WEAK = YES;
				CLANG_WARN_BLOCK_CAPTURE_AUTORELEASING = YES;
				CLANG_WARN_BOOL_CONVERSION = YES;
				CLANG_WARN_COMMA = YES;
				CLANG_WARN_CONSTANT_CONVERSION = YES;
				CLANG_WARN_DEPRECATED_OBJC_IMPLEMENTATIONS = YES;
				CLANG_WARN_DIRECT_OBJC_ISA_USAGE = YES_ERROR;
				CLANG_WARN_DOCUMENTATION_COMMENTS = YES;
				CLANG_WARN_EMPTY_BODY = YES;
				CLANG_WARN_ENUM_CONVERSION = YES;
				CLANG_WARN_INFINITE_RECURSION = YES;
				CLANG_WARN_INT_CONVERSION = YES;
				CLANG_WARN_NON_LITERAL_NULL_CONVERSION = YES;
				CLANG_WARN_OBJC_IMPLICIT_RETAIN_SELF = YES;
				CLANG_WARN_OBJC_LITERAL_CONVERSION = YES;
				CLANG_WARN_OBJC_ROOT_CLASS = YES_ERROR;
				CLANG_WARN_QUOTED_INCLUDE_IN_FRAMEWORK_HEADER = YES;
				CLANG_WARN_RANGE_LOOP_ANALYSIS = YES;
				CLANG_WARN_STRICT_PROTOTYPES = YES;
				CLANG_WARN_SUSPICIOUS_MOVE = YES;
				CLANG_WARN_UNGUARDED_AVAILABILITY = YES_AGGRESSIVE;
				CLANG_WARN_UNREACHABLE_CODE = YES;
				CLANG_WARN__DUPLICATE_METHOD_MATCH = YES;
				COPY_PHASE_STRIP = NO;
				DEBUG_INFORMATION_FORMAT = dwarf;
				ENABLE_STRICT_OBJC_MSGSEND = YES;
				ENABLE_TESTABILITY = YES;
				GCC_C_LANGUAGE_STANDARD = gnu11;
				GCC_DYNAMIC_NO_PIC = NO;
				GCC_NO_COMMON_BLOCKS = YES;
				GCC_OPTIMIZATION_LEVEL = 0;
				GCC_PREPROCESSOR_DEFINITIONS = (
					"DEBUG=1",
					"$(inherited)",
				);
				GCC_WARN_64_TO_32_BIT_CONVERSION = YES;
				GCC_WARN_ABOUT_RETURN_TYPE = YES_ERROR;
				GCC_WARN_UNDECLARED_SELECTOR = YES;
				GCC_WARN_UNINITIALIZED_AUTOS = YES_AGGRESSIVE;
				GCC_WARN_UNUSED_FUNCTION = YES;
				GCC_WARN_UNUSED_VARIABLE = YES;
				IPHONEOS_DEPLOYMENT_TARGET = 13.0;
				MTL_ENABLE_DEBUG_INFO = INCLUDE_SOURCE;
				MTL_FAST_MATH = YES;
				ONLY_ACTIVE_ARCH = YES;
				SDKROOT = iphoneos;
				SWIFT_ACTIVE_COMPILATION_CONDITIONS = DEBUG;
				SWIFT_OPTIMIZATION_LEVEL = "-Onone";
			};
			name = Debug;
		};
		C0A779EB2849E1C60086810C /* Release */ = {
			isa = XCBuildConfiguration;
			buildSettings = {
				ALWAYS_SEARCH_USER_PATHS = NO;
				CLANG_ANALYZER_NONNULL = YES;
				CLANG_ANALYZER_NUMBER_OBJECT_CONVERSION = YES_AGGRESSIVE;
				CLANG_CXX_LANGUAGE_STANDARD = "gnu++17";
				CLANG_ENABLE_MODULES = YES;
				CLANG_ENABLE_OBJC_ARC = YES;
				CLANG_ENABLE_OBJC_WEAK = YES;
				CLANG_WARN_BLOCK_CAPTURE_AUTORELEASING = YES;
				CLANG_WARN_BOOL_CONVERSION = YES;
				CLANG_WARN_COMMA = YES;
				CLANG_WARN_CONSTANT_CONVERSION = YES;
				CLANG_WARN_DEPRECATED_OBJC_IMPLEMENTATIONS = YES;
				CLANG_WARN_DIRECT_OBJC_ISA_USAGE = YES_ERROR;
				CLANG_WARN_DOCUMENTATION_COMMENTS = YES;
				CLANG_WARN_EMPTY_BODY = YES;
				CLANG_WARN_ENUM_CONVERSION = YES;
				CLANG_WARN_INFINITE_RECURSION = YES;
				CLANG_WARN_INT_CONVERSION = YES;
				CLANG_WARN_NON_LITERAL_NULL_CONVERSION = YES;
				CLANG_WARN_OBJC_IMPLICIT_RETAIN_SELF = YES;
				CLANG_WARN_OBJC_LITERAL_CONVERSION = YES;
				CLANG_WARN_OBJC_ROOT_CLASS = YES_ERROR;
				CLANG_WARN_QUOTED_INCLUDE_IN_FRAMEWORK_HEADER = YES;
				CLANG_WARN_RANGE_LOOP_ANALYSIS = YES;
				CLANG_WARN_STRICT_PROTOTYPES = YES;
				CLANG_WARN_SUSPICIOUS_MOVE = YES;
				CLANG_WARN_UNGUARDED_AVAILABILITY = YES_AGGRESSIVE;
				CLANG_WARN_UNREACHABLE_CODE = YES;
				CLANG_WARN__DUPLICATE_METHOD_MATCH = YES;
				COPY_PHASE_STRIP = NO;
				DEBUG_INFORMATION_FORMAT = "dwarf-with-dsym";
				ENABLE_NS_ASSERTIONS = NO;
				ENABLE_STRICT_OBJC_MSGSEND = YES;
				GCC_C_LANGUAGE_STANDARD = gnu11;
				GCC_NO_COMMON_BLOCKS = YES;
				GCC_WARN_64_TO_32_BIT_CONVERSION = YES;
				GCC_WARN_ABOUT_RETURN_TYPE = YES_ERROR;
				GCC_WARN_UNDECLARED_SELECTOR = YES;
				GCC_WARN_UNINITIALIZED_AUTOS = YES_AGGRESSIVE;
				GCC_WARN_UNUSED_FUNCTION = YES;
				GCC_WARN_UNUSED_VARIABLE = YES;
				IPHONEOS_DEPLOYMENT_TARGET = 13.0;
				MTL_ENABLE_DEBUG_INFO = NO;
				MTL_FAST_MATH = YES;
				SDKROOT = iphoneos;
				SWIFT_COMPILATION_MODE = wholemodule;
				SWIFT_OPTIMIZATION_LEVEL = "-O";
				VALIDATE_PRODUCT = YES;
			};
			name = Release;
		};
		C0A779ED2849E1C60086810C /* Debug */ = {
			isa = XCBuildConfiguration;
			baseConfigurationReference = 893FA964D491FDFD16ACC4FD /* Pods-POMPOM.debug.xcconfig */;
			buildSettings = {
				ASSETCATALOG_COMPILER_APPICON_NAME = AppIcon;
				ASSETCATALOG_COMPILER_GLOBAL_ACCENT_COLOR_NAME = AccentColor;
				CODE_SIGN_ENTITLEMENTS = POMPOM/POMPOM.entitlements;
				CODE_SIGN_STYLE = Automatic;
				CURRENT_PROJECT_VERSION = 1;
				DEVELOPMENT_ASSET_PATHS = "\"POMPOM/Resources\"";
				DEVELOPMENT_TEAM = 4DC5UF7YA9;
				ENABLE_PREVIEWS = YES;
				GENERATE_INFOPLIST_FILE = YES;
				INFOPLIST_KEY_UIApplicationSceneManifest_Generation = YES;
				INFOPLIST_KEY_UIApplicationSupportsIndirectInputEvents = YES;
				INFOPLIST_KEY_UILaunchScreen_Generation = YES;
				INFOPLIST_KEY_UISupportedInterfaceOrientations = UIInterfaceOrientationPortrait;
				INFOPLIST_KEY_UISupportedInterfaceOrientations_iPad = "UIInterfaceOrientationPortrait UIInterfaceOrientationPortraitUpsideDown UIInterfaceOrientationLandscapeLeft UIInterfaceOrientationLandscapeRight";
				INFOPLIST_KEY_UISupportedInterfaceOrientations_iPhone = "UIInterfaceOrientationPortrait UIInterfaceOrientationLandscapeLeft UIInterfaceOrientationLandscapeRight";
				IPHONEOS_DEPLOYMENT_TARGET = 14.0;
				LD_RUNPATH_SEARCH_PATHS = (
					"$(inherited)",
					"@executable_path/Frameworks",
				);
				MARKETING_VERSION = 1.0;
				PRODUCT_BUNDLE_IDENTIFIER = com.gongtae.POMPOM;
				PRODUCT_NAME = "$(TARGET_NAME)";
				SWIFT_EMIT_LOC_STRINGS = YES;
				SWIFT_VERSION = 5.0;
				TARGETED_DEVICE_FAMILY = 1;
			};
			name = Debug;
		};
		C0A779EE2849E1C60086810C /* Release */ = {
			isa = XCBuildConfiguration;
			baseConfigurationReference = 7726019BE8B2B147179CFA25 /* Pods-POMPOM.release.xcconfig */;
			buildSettings = {
				ASSETCATALOG_COMPILER_APPICON_NAME = AppIcon;
				ASSETCATALOG_COMPILER_GLOBAL_ACCENT_COLOR_NAME = AccentColor;
				CODE_SIGN_ENTITLEMENTS = POMPOM/POMPOM.entitlements;
				CODE_SIGN_STYLE = Automatic;
				CURRENT_PROJECT_VERSION = 1;
				DEVELOPMENT_ASSET_PATHS = "\"POMPOM/Resources\"";
				DEVELOPMENT_TEAM = 4DC5UF7YA9;
				ENABLE_PREVIEWS = YES;
				GENERATE_INFOPLIST_FILE = YES;
				INFOPLIST_KEY_UIApplicationSceneManifest_Generation = YES;
				INFOPLIST_KEY_UIApplicationSupportsIndirectInputEvents = YES;
				INFOPLIST_KEY_UILaunchScreen_Generation = YES;
				INFOPLIST_KEY_UISupportedInterfaceOrientations = UIInterfaceOrientationPortrait;
				INFOPLIST_KEY_UISupportedInterfaceOrientations_iPad = "UIInterfaceOrientationPortrait UIInterfaceOrientationPortraitUpsideDown UIInterfaceOrientationLandscapeLeft UIInterfaceOrientationLandscapeRight";
				INFOPLIST_KEY_UISupportedInterfaceOrientations_iPhone = "UIInterfaceOrientationPortrait UIInterfaceOrientationLandscapeLeft UIInterfaceOrientationLandscapeRight";
				IPHONEOS_DEPLOYMENT_TARGET = 14.0;
				LD_RUNPATH_SEARCH_PATHS = (
					"$(inherited)",
					"@executable_path/Frameworks",
				);
				MARKETING_VERSION = 1.0;
				PRODUCT_BUNDLE_IDENTIFIER = com.gongtae.POMPOM;
				PRODUCT_NAME = "$(TARGET_NAME)";
				SWIFT_EMIT_LOC_STRINGS = YES;
				SWIFT_VERSION = 5.0;
				TARGETED_DEVICE_FAMILY = 1;
			};
			name = Release;
		};
		C0A779F02849E1C60086810C /* Debug */ = {
			isa = XCBuildConfiguration;
			baseConfigurationReference = 9FDC8B0E53B5AF6CF8AA4472 /* Pods-POMPOMTests.debug.xcconfig */;
			buildSettings = {
				ALWAYS_EMBED_SWIFT_STANDARD_LIBRARIES = YES;
				BUNDLE_LOADER = "$(TEST_HOST)";
				CODE_SIGN_STYLE = Automatic;
				CURRENT_PROJECT_VERSION = 1;
				DEVELOPMENT_TEAM = 4DC5UF7YA9;
				GENERATE_INFOPLIST_FILE = YES;
				IPHONEOS_DEPLOYMENT_TARGET = 15.5;
				MARKETING_VERSION = 1.0;
				PRODUCT_BUNDLE_IDENTIFIER = com.gongtae.POMPOMTests;
				PRODUCT_NAME = "$(TARGET_NAME)";
				SWIFT_EMIT_LOC_STRINGS = NO;
				SWIFT_VERSION = 5.0;
				TARGETED_DEVICE_FAMILY = "1,2";
				TEST_HOST = "$(BUILT_PRODUCTS_DIR)/POMPOM.app/POMPOM";
			};
			name = Debug;
		};
		C0A779F12849E1C60086810C /* Release */ = {
			isa = XCBuildConfiguration;
			baseConfigurationReference = C350ECAB77A213FE32F7F534 /* Pods-POMPOMTests.release.xcconfig */;
			buildSettings = {
				ALWAYS_EMBED_SWIFT_STANDARD_LIBRARIES = YES;
				BUNDLE_LOADER = "$(TEST_HOST)";
				CODE_SIGN_STYLE = Automatic;
				CURRENT_PROJECT_VERSION = 1;
				DEVELOPMENT_TEAM = 4DC5UF7YA9;
				GENERATE_INFOPLIST_FILE = YES;
				IPHONEOS_DEPLOYMENT_TARGET = 15.5;
				MARKETING_VERSION = 1.0;
				PRODUCT_BUNDLE_IDENTIFIER = com.gongtae.POMPOMTests;
				PRODUCT_NAME = "$(TARGET_NAME)";
				SWIFT_EMIT_LOC_STRINGS = NO;
				SWIFT_VERSION = 5.0;
				TARGETED_DEVICE_FAMILY = "1,2";
				TEST_HOST = "$(BUILT_PRODUCTS_DIR)/POMPOM.app/POMPOM";
			};
			name = Release;
		};
		C0A779F32849E1C60086810C /* Debug */ = {
			isa = XCBuildConfiguration;
			baseConfigurationReference = B4D6499D492346083126C119 /* Pods-POMPOM-POMPOMUITests.debug.xcconfig */;
			buildSettings = {
				ALWAYS_EMBED_SWIFT_STANDARD_LIBRARIES = YES;
				CODE_SIGN_STYLE = Automatic;
				CURRENT_PROJECT_VERSION = 1;
				DEVELOPMENT_TEAM = 4DC5UF7YA9;
				GENERATE_INFOPLIST_FILE = YES;
				MARKETING_VERSION = 1.0;
				PRODUCT_BUNDLE_IDENTIFIER = com.gongtae.POMPOMUITests;
				PRODUCT_NAME = "$(TARGET_NAME)";
				SWIFT_EMIT_LOC_STRINGS = NO;
				SWIFT_VERSION = 5.0;
				TARGETED_DEVICE_FAMILY = "1,2";
				TEST_TARGET_NAME = POMPOM;
			};
			name = Debug;
		};
		C0A779F42849E1C60086810C /* Release */ = {
			isa = XCBuildConfiguration;
			baseConfigurationReference = 02339F4AD4C3D1D8C2D03564 /* Pods-POMPOM-POMPOMUITests.release.xcconfig */;
			buildSettings = {
				ALWAYS_EMBED_SWIFT_STANDARD_LIBRARIES = YES;
				CODE_SIGN_STYLE = Automatic;
				CURRENT_PROJECT_VERSION = 1;
				DEVELOPMENT_TEAM = 4DC5UF7YA9;
				GENERATE_INFOPLIST_FILE = YES;
				MARKETING_VERSION = 1.0;
				PRODUCT_BUNDLE_IDENTIFIER = com.gongtae.POMPOMUITests;
				PRODUCT_NAME = "$(TARGET_NAME)";
				SWIFT_EMIT_LOC_STRINGS = NO;
				SWIFT_VERSION = 5.0;
				TARGETED_DEVICE_FAMILY = "1,2";
				TEST_TARGET_NAME = POMPOM;
			};
			name = Release;
		};
/* End XCBuildConfiguration section */

/* Begin XCConfigurationList section */
		C0A779BE2849E1C50086810C /* Build configuration list for PBXProject "POMPOM" */ = {
			isa = XCConfigurationList;
			buildConfigurations = (
				C0A779EA2849E1C60086810C /* Debug */,
				C0A779EB2849E1C60086810C /* Release */,
			);
			defaultConfigurationIsVisible = 0;
			defaultConfigurationName = Release;
		};
		C0A779EC2849E1C60086810C /* Build configuration list for PBXNativeTarget "POMPOM" */ = {
			isa = XCConfigurationList;
			buildConfigurations = (
				C0A779ED2849E1C60086810C /* Debug */,
				C0A779EE2849E1C60086810C /* Release */,
			);
			defaultConfigurationIsVisible = 0;
			defaultConfigurationName = Release;
		};
		C0A779EF2849E1C60086810C /* Build configuration list for PBXNativeTarget "POMPOMTests" */ = {
			isa = XCConfigurationList;
			buildConfigurations = (
				C0A779F02849E1C60086810C /* Debug */,
				C0A779F12849E1C60086810C /* Release */,
			);
			defaultConfigurationIsVisible = 0;
			defaultConfigurationName = Release;
		};
		C0A779F22849E1C60086810C /* Build configuration list for PBXNativeTarget "POMPOMUITests" */ = {
			isa = XCConfigurationList;
			buildConfigurations = (
				C0A779F32849E1C60086810C /* Debug */,
				C0A779F42849E1C60086810C /* Release */,
			);
			defaultConfigurationIsVisible = 0;
			defaultConfigurationName = Release;
		};
/* End XCConfigurationList section */

/* Begin XCVersionGroup section */
		C0A779D12849E1C60086810C /* Model.xcdatamodeld */ = {
			isa = XCVersionGroup;
			children = (
				C0A779D22849E1C60086810C /* POMPOM.xcdatamodel */,
			);
			currentVersion = C0A779D22849E1C60086810C /* POMPOM.xcdatamodel */;
			path = Model.xcdatamodeld;
			sourceTree = "<group>";
			versionGroupType = wrapper.xcdatamodel;
		};
/* End XCVersionGroup section */
	};
	rootObject = C0A779BB2849E1C50086810C /* Project object */;
}
